
Microsoft Visual Studio Solution File, Format Version 12.00
# Visual Studio Version 17
VisualStudioVersion = 17.11.35327.3
MinimumVisualStudioVersion = 10.0.40219.1
Project("{8BC9CEB8-8B4A-11D0-8D11-00A0C91BC942}") = "New 2D Array", "New 2D Array\New 2D Array.vcxproj", "{44C3FF27-5E8E-4FE3-9C90-4D7178792449}"
EndProject
Global
	GlobalSection(SolutionConfigurationPlatforms) = preSolution
		Debug|x64 = Debug|x64
		Debug|x86 = Debug|x86
		Release|x64 = Release|x64
		Release|x86 = Release|x86
	EndGlobalSection
	GlobalSection(ProjectConfigurationPlatforms) = postSolution
		{44C3FF27-5E8E-4FE3-9C90-4D7178792449}.Debug|x64.ActiveCfg = Debug|x64
		{44C3FF27-5E8E-4FE3-9C90-4D7178792449}.Debug|x64.Build.0 = Debug|x64
		{44C3FF27-5E8E-4FE3-9C90-4D7178792449}.Debug|x86.ActiveCfg = Debug|Win32
		{44C3FF27-5E8E-4FE3-9C90-4D7178792449}.Debug|x86.Build.0 = Debug|Win32
		{44C3FF27-5E8E-4FE3-9C90-4D7178792449}.Release|x64.ActiveCfg = Release|x64
		{44C3FF27-5E8E-4FE3-9C90-4D7178792449}.Release|x64.Build.0 = Release|x64
		{44C3FF27-5E8E-4FE3-9C90-4D7178792449}.Release|x86.ActiveCfg = Release|Win32
		{44C3FF27-5E8E-4FE3-9C90-4D7178792449}.Release|x86.Build.0 = Release|Win32
	EndGlobalSection
	GlobalSection(SolutionProperties) = preSolution
		HideSolutionNode = FALSE
	EndGlobalSection
	GlobalSection(ExtensibilityGlobals) = postSolution
		SolutionGuid = {F11CD30B-D146-4188-938C-25C6112CF3D5}
	EndGlobalSection
EndGlobal
